
Microsoft Visual Studio Solution File, Format Version 12.00
Project("{8BC9CEB8-8B4A-11D0-8D11-00A0C91BC942}") = "LearnOpenGL", "LearnOpenGL.vcxproj", "{210C33B0-2151-4D00-8D2A-5AB10D501FB2}"
EndProject
Global
	GlobalSection(SolutionConfigurationPlatforms) = preSolution
		Debug|Win32 = Debug|Win32
		Debug|x64 = Debug|x64
		Release|Win32 = Release|Win32
		Release|x64 = Release|x64
	EndGlobalSection
	GlobalSection(ProjectConfigurationPlatforms) = postSolution
		{210C33B0-2151-4D00-8D2A-5AB10D501FB2}.Debug|Win32.ActiveCfg = Debug|Win32
		{210C33B0-2151-4D00-8D2A-5AB10D501FB2}.Debug|Win32.Build.0 = Debug|Win32
		{210C33B0-2151-4D00-8D2A-5AB10D501FB2}.Debug|x64.ActiveCfg = Debug|x64
		{210C33B0-2151-4D00-8D2A-5AB10D501FB2}.Debug|x64.Build.0 = Debug|x64
		{210C33B0-2151-4D00-8D2A-5AB10D501FB2}.Release|Win32.ActiveCfg = Release|Win32
		{210C33B0-2151-4D00-8D2A-5AB10D501FB2}.Release|Win32.Build.0 = Release|Win32
		{210C33B0-2151-4D00-8D2A-5AB10D501FB2}.Release|x64.ActiveCfg = Release|x64
		{210C33B0-2151-4D00-8D2A-5AB10D501FB2}.Release|x64.Build.0 = Release|x64
	EndGlobalSection
EndGlobal
